
Microsoft Visual Studio Solution File, Format Version 12.00
# Visual Studio Version 17
VisualStudioVersion = 17.1.32421.90
MinimumVisualStudioVersion = 10.0.40219.1
Project("{FAE04EC0-301F-11D3-BF4B-00C04F79EFBC}") = "DAL", "DAL\DAL.csproj", "{636C79DA-89AB-48A0-8306-6298CA32A98B}"
EndProject
Project("{FAE04EC0-301F-11D3-BF4B-00C04F79EFBC}") = "BLL", "BLL\BLL.csproj", "{94DB3F2B-37BD-43A5-B6F3-1825BA7BFB6D}"
EndProject
Project("{FAE04EC0-301F-11D3-BF4B-00C04F79EFBC}") = "UI", "UI\UI.csproj", "{D286F85D-9A2A-422A-B667-13E7CFB474F6}"
EndProject
Global
	GlobalSection(SolutionConfigurationPlatforms) = preSolution
		Debug|Any CPU = Debug|Any CPU
		Release|Any CPU = Release|Any CPU
	EndGlobalSection
	GlobalSection(ProjectConfigurationPlatforms) = postSolution
		{636C79DA-89AB-48A0-8306-6298CA32A98B}.Debug|Any CPU.ActiveCfg = Debug|Any CPU
		{636C79DA-89AB-48A0-8306-6298CA32A98B}.Debug|Any CPU.Build.0 = Debug|Any CPU
		{636C79DA-89AB-48A0-8306-6298CA32A98B}.Release|Any CPU.ActiveCfg = Release|Any CPU
		{636C79DA-89AB-48A0-8306-6298CA32A98B}.Release|Any CPU.Build.0 = Release|Any CPU
		{94DB3F2B-37BD-43A5-B6F3-1825BA7BFB6D}.Debug|Any CPU.ActiveCfg = Debug|Any CPU
		{94DB3F2B-37BD-43A5-B6F3-1825BA7BFB6D}.Debug|Any CPU.Build.0 = Debug|Any CPU
		{94DB3F2B-37BD-43A5-B6F3-1825BA7BFB6D}.Release|Any CPU.ActiveCfg = Release|Any CPU
		{94DB3F2B-37BD-43A5-B6F3-1825BA7BFB6D}.Release|Any CPU.Build.0 = Release|Any CPU
		{D286F85D-9A2A-422A-B667-13E7CFB474F6}.Debug|Any CPU.ActiveCfg = Debug|Any CPU
		{D286F85D-9A2A-422A-B667-13E7CFB474F6}.Debug|Any CPU.Build.0 = Debug|Any CPU
		{D286F85D-9A2A-422A-B667-13E7CFB474F6}.Release|Any CPU.ActiveCfg = Release|Any CPU
		{D286F85D-9A2A-422A-B667-13E7CFB474F6}.Release|Any CPU.Build.0 = Release|Any CPU
	EndGlobalSection
	GlobalSection(SolutionProperties) = preSolution
		HideSolutionNode = FALSE
	EndGlobalSection
	GlobalSection(ExtensibilityGlobals) = postSolution
		SolutionGuid = {A8138DA6-A3D2-47BE-8854-A60D02E49B40}
	EndGlobalSection
EndGlobal
